{
  "version": 4,
  "terraform_version": "1.8.2",
  "serial": 14,
  "lineage": "fef2ebda-44ef-0351-b3a0-20473cfb80e3",
  "outputs": {},
  "resources": [
    {
      "mode": "managed",
      "type": "azurerm_lb",
      "name": "enchanted-lb",
      "provider": "provider[\"registry.terraform.io/hashicorp/azurerm\"]",
      "instances": [
        {
          "schema_version": 0,
          "attributes": {
            "edge_zone": "",
            "frontend_ip_configuration": [
              {
                "gateway_load_balancer_frontend_ip_configuration_id": "",
                "id": "/subscriptions/6ef6f362-ff2e-41f2-b817-a16d65dc8123/resourceGroups/AZ-900/providers/Microsoft.Network/loadBalancers/Enchanted-LoadBalancer/frontendIPConfigurations/PublicIPAddress",
                "inbound_nat_rules": [],
                "load_balancer_rules": [],
                "name": "PublicIPAddress",
                "outbound_rules": [],
                "private_ip_address": "",
                "private_ip_address_allocation": "Dynamic",
                "private_ip_address_version": "",
                "public_ip_address_id": "/subscriptions/6ef6f362-ff2e-41f2-b817-a16d65dc8123/resourceGroups/AZ-900/providers/Microsoft.Network/publicIPAddresses/enchanted-pia",
                "public_ip_prefix_id": "",
                "subnet_id": "",
                "zones": null
              }
            ],
            "id": "/subscriptions/6ef6f362-ff2e-41f2-b817-a16d65dc8123/resourceGroups/AZ-900/providers/Microsoft.Network/loadBalancers/Enchanted-LoadBalancer",
            "location": "eastus",
            "name": "Enchanted-LoadBalancer",
            "private_ip_address": "",
            "private_ip_addresses": [],
            "resource_group_name": "AZ-900",
            "sku": "Basic",
            "sku_tier": "Regional",
            "tags": null,
            "timeouts": null
          },
          "sensitive_attributes": [],
          "private": "eyJlMmJmYjczMC1lY2FhLTExZTYtOGY4OC0zNDM2M2JjN2M0YzAiOnsiY3JlYXRlIjoxODAwMDAwMDAwMDAwLCJkZWxldGUiOjE4MDAwMDAwMDAwMDAsInJlYWQiOjMwMDAwMDAwMDAwMCwidXBkYXRlIjoxODAwMDAwMDAwMDAwfX0=",
          "dependencies": [
            "azurerm_public_ip.enchanted_pia",
            "azurerm_resource_group.rc_group",
            "random_string.fqdn"
          ]
        }
      ]
    },
    {
      "mode": "managed",
      "type": "azurerm_lb_backend_address_pool",
      "name": "backend-address-pool",
      "provider": "provider[\"registry.terraform.io/hashicorp/azurerm\"]",
      "instances": [
        {
          "schema_version": 0,
          "attributes": {
            "backend_ip_configurations": [],
            "id": "/subscriptions/6ef6f362-ff2e-41f2-b817-a16d65dc8123/resourceGroups/AZ-900/providers/Microsoft.Network/loadBalancers/Enchanted-LoadBalancer/backendAddressPools/BackEndAddressPool",
            "load_balancing_rules": [],
            "loadbalancer_id": "/subscriptions/6ef6f362-ff2e-41f2-b817-a16d65dc8123/resourceGroups/AZ-900/providers/Microsoft.Network/loadBalancers/Enchanted-LoadBalancer",
            "name": "BackEndAddressPool",
            "outbound_rules": [],
            "timeouts": null,
            "tunnel_interface": []
          },
          "sensitive_attributes": [],
          "private": "eyJlMmJmYjczMC1lY2FhLTExZTYtOGY4OC0zNDM2M2JjN2M0YzAiOnsiY3JlYXRlIjoxODAwMDAwMDAwMDAwLCJkZWxldGUiOjE4MDAwMDAwMDAwMDAsInJlYWQiOjMwMDAwMDAwMDAwMCwidXBkYXRlIjoxODAwMDAwMDAwMDAwfX0=",
          "dependencies": [
            "azurerm_lb.enchanted-lb",
            "azurerm_public_ip.enchanted_pia",
            "azurerm_resource_group.rc_group",
            "random_string.fqdn"
          ]
        }
      ]
    },
    {
      "mode": "managed",
      "type": "azurerm_lb_probe",
      "name": "lb-probe",
      "provider": "provider[\"registry.terraform.io/hashicorp/azurerm\"]",
      "instances": [
        {
          "schema_version": 0,
          "attributes": {
            "id": "/subscriptions/6ef6f362-ff2e-41f2-b817-a16d65dc8123/resourceGroups/AZ-900/providers/Microsoft.Network/loadBalancers/Enchanted-LoadBalancer/probes/ssh-running-probe",
            "interval_in_seconds": 15,
            "load_balancer_rules": [],
            "loadbalancer_id": "/subscriptions/6ef6f362-ff2e-41f2-b817-a16d65dc8123/resourceGroups/AZ-900/providers/Microsoft.Network/loadBalancers/Enchanted-LoadBalancer",
            "name": "ssh-running-probe",
            "number_of_probes": 2,
            "port": 22,
            "protocol": "Tcp",
            "request_path": "",
            "timeouts": null
          },
          "sensitive_attributes": [],
          "private": "eyJlMmJmYjczMC1lY2FhLTExZTYtOGY4OC0zNDM2M2JjN2M0YzAiOnsiY3JlYXRlIjoxODAwMDAwMDAwMDAwLCJkZWxldGUiOjE4MDAwMDAwMDAwMDAsInJlYWQiOjMwMDAwMDAwMDAwMCwidXBkYXRlIjoxODAwMDAwMDAwMDAwfX0=",
          "dependencies": [
            "azurerm_lb.enchanted-lb",
            "azurerm_public_ip.enchanted_pia",
            "azurerm_resource_group.rc_group",
            "random_string.fqdn"
          ]
        }
      ]
    },
    {
      "mode": "managed",
      "type": "azurerm_lb_rule",
      "name": "lb-rule",
      "provider": "provider[\"registry.terraform.io/hashicorp/azurerm\"]",
      "instances": [
        {
          "schema_version": 0,
          "attributes": {
            "backend_address_pool_ids": null,
            "backend_port": 80,
            "disable_outbound_snat": false,
            "enable_floating_ip": false,
            "enable_tcp_reset": false,
            "frontend_ip_configuration_id": "/subscriptions/6ef6f362-ff2e-41f2-b817-a16d65dc8123/resourceGroups/AZ-900/providers/Microsoft.Network/loadBalancers/Enchanted-LoadBalancer/frontendIPConfigurations/PublicIPAddress",
            "frontend_ip_configuration_name": "PublicIPAddress",
            "frontend_port": 80,
            "id": "/subscriptions/6ef6f362-ff2e-41f2-b817-a16d65dc8123/resourceGroups/AZ-900/providers/Microsoft.Network/loadBalancers/Enchanted-LoadBalancer/loadBalancingRules/LBRule",
            "idle_timeout_in_minutes": 4,
            "load_distribution": "Default",
            "loadbalancer_id": "/subscriptions/6ef6f362-ff2e-41f2-b817-a16d65dc8123/resourceGroups/AZ-900/providers/Microsoft.Network/loadBalancers/Enchanted-LoadBalancer",
            "name": "LBRule",
            "probe_id": "",
            "protocol": "Tcp",
            "timeouts": null
          },
          "sensitive_attributes": [],
          "private": "eyJlMmJmYjczMC1lY2FhLTExZTYtOGY4OC0zNDM2M2JjN2M0YzAiOnsiY3JlYXRlIjoxODAwMDAwMDAwMDAwLCJkZWxldGUiOjE4MDAwMDAwMDAwMDAsInJlYWQiOjMwMDAwMDAwMDAwMCwidXBkYXRlIjoxODAwMDAwMDAwMDAwfX0=",
          "dependencies": [
            "azurerm_lb.enchanted-lb",
            "azurerm_public_ip.enchanted_pia",
            "azurerm_resource_group.rc_group",
            "random_string.fqdn"
          ]
        }
      ]
    },
    {
      "mode": "managed",
      "type": "azurerm_linux_virtual_machine",
      "name": "enchanted-vm",
      "provider": "provider[\"registry.terraform.io/hashicorp/azurerm\"]",
      "instances": [
        {
          "schema_version": 0,
          "attributes": {
            "additional_capabilities": [],
            "admin_password": null,
            "admin_ssh_key": [
              {
                "public_key": "ssh-rsa AAAAB3NzaC1yc2EAAAADAQABAAABgQCxgxBMaRsla8xN1XwrhnQgYL9OwTIadJs4lyuebNYNlEJTzPCb+Ik/OY8KCeZEC1ax7vPgpaHawWJQD0zCyNer4GzW8mizC+QSDBxdTOXcTIXNSAmCk+ORo7wHVWRZU87OfJsgz1L8I1ipeznODmAK13qixZy/ehqIk0R7hiEX5KDLU/TFFa3hdBzYFi1GxNBkS2ddjCXMjQHzbwHfTTX6t0PdmspqN0ocnCqZOvXYuyz2hsTUwdc4CZnR+3v6Z2PMPUhJPJ7EwU8cXtLA4/mHsT/w230iy7YSB5dI/Tx8SRnMM8CrrGrzHmKyAMtxbMklOujEou0T6FiZdTzDioYYgTay1+5VQnjvOCaUfILS66S+8XP8bMu86a735E1wDfz316O0D2+o67VOlipR4kH4SuYCkvV2dqh3f7o4V6RFfdq5Aq4L3Kaba9QtCAImBp98Uob8z4uNi0UjUFdfDCkJ/b4Ygog7alFCCaSwoezHcMQ83mocOvEO3cQXrDdxay8= sn1p3@Sn1p3r\n",
                "username": "anujsubedi"
              }
            ],
            "admin_username": "anujsubedi",
            "allow_extension_operations": true,
            "availability_set_id": "",
            "boot_diagnostics": [],
            "computer_name": "anuj-enchanted-vm",
            "custom_data": null,
            "dedicated_host_group_id": "",
            "dedicated_host_id": "",
            "disable_password_authentication": true,
            "edge_zone": "",
            "encryption_at_host_enabled": false,
            "eviction_policy": "",
            "extensions_time_budget": "PT1H30M",
            "id": "/subscriptions/6ef6f362-ff2e-41f2-b817-a16d65dc8123/resourceGroups/AZ-900/providers/Microsoft.Compute/virtualMachines/anuj-enchanted-vm",
            "identity": [],
            "license_type": "",
            "location": "eastus",
            "max_bid_price": -1,
            "name": "anuj-enchanted-vm",
            "network_interface_ids": [
              "/subscriptions/6ef6f362-ff2e-41f2-b817-a16d65dc8123/resourceGroups/AZ-900/providers/Microsoft.Network/networkInterfaces/enchanted-nic"
            ],
            "os_disk": [
              {
                "caching": "ReadWrite",
                "diff_disk_settings": [],
                "disk_encryption_set_id": "",
                "disk_size_gb": 30,
                "name": "anuj-enchanted-vm_disk1_00661e9b1aba489c8384b5a37154ebd5",
                "storage_account_type": "Standard_LRS",
                "write_accelerator_enabled": false
              }
            ],
            "patch_mode": "ImageDefault",
            "plan": [],
            "platform_fault_domain": -1,
            "priority": "Regular",
            "private_ip_address": "10.0.1.4",
            "private_ip_addresses": [
              "10.0.1.4"
            ],
            "provision_vm_agent": true,
            "proximity_placement_group_id": "",
            "public_ip_address": "40.114.50.84",
            "public_ip_addresses": [
              "40.114.50.84"
            ],
            "resource_group_name": "AZ-900",
            "secret": [],
            "secure_boot_enabled": false,
            "size": "Standard_B1s",
            "source_image_id": "",
            "source_image_reference": [
              {
                "offer": "0001-com-ubuntu-server-jammy",
                "publisher": "Canonical",
                "sku": "22_04-lts",
                "version": "latest"
              }
            ],
            "tags": null,
            "termination_notification": null,
            "timeouts": null,
            "user_data": "",
            "virtual_machine_id": "5a8d4aea-ef0f-4bfe-9357-98148728336a",
            "virtual_machine_scale_set_id": "",
            "vtpm_enabled": false,
            "zone": ""
          },
          "sensitive_attributes": [
            [
              {
                "type": "get_attr",
                "value": "custom_data"
              }
            ],
            [
              {
                "type": "get_attr",
                "value": "admin_password"
              }
            ]
          ],
          "private": "eyJlMmJmYjczMC1lY2FhLTExZTYtOGY4OC0zNDM2M2JjN2M0YzAiOnsiY3JlYXRlIjoyNzAwMDAwMDAwMDAwLCJkZWxldGUiOjI3MDAwMDAwMDAwMDAsInJlYWQiOjMwMDAwMDAwMDAwMCwidXBkYXRlIjoyNzAwMDAwMDAwMDAwfX0=",
          "dependencies": [
            "azurerm_network_interface.enchanted-nic",
            "azurerm_public_ip.enchanted_pi",
            "azurerm_resource_group.rc_group",
            "azurerm_subnet.enchanted_subnet",
            "azurerm_virtual_network.anuj-enchanted-vn",
            "random_string.fqdn"
          ]
        }
      ]
    },
    {
      "mode": "managed",
      "type": "azurerm_linux_virtual_machine_scale_set",
      "name": "enchanted-vmss",
      "provider": "provider[\"registry.terraform.io/hashicorp/azurerm\"]",
      "instances": [
        {
          "schema_version": 0,
          "attributes": {
            "additional_capabilities": [],
            "admin_password": null,
            "admin_ssh_key": [
              {
                "public_key": "ssh-rsa AAAAB3NzaC1yc2EAAAADAQABAAABgQCxgxBMaRsla8xN1XwrhnQgYL9OwTIadJs4lyuebNYNlEJTzPCb+Ik/OY8KCeZEC1ax7vPgpaHawWJQD0zCyNer4GzW8mizC+QSDBxdTOXcTIXNSAmCk+ORo7wHVWRZU87OfJsgz1L8I1ipeznODmAK13qixZy/ehqIk0R7hiEX5KDLU/TFFa3hdBzYFi1GxNBkS2ddjCXMjQHzbwHfTTX6t0PdmspqN0ocnCqZOvXYuyz2hsTUwdc4CZnR+3v6Z2PMPUhJPJ7EwU8cXtLA4/mHsT/w230iy7YSB5dI/Tx8SRnMM8CrrGrzHmKyAMtxbMklOujEou0T6FiZdTzDioYYgTay1+5VQnjvOCaUfILS66S+8XP8bMu86a735E1wDfz316O0D2+o67VOlipR4kH4SuYCkvV2dqh3f7o4V6RFfdq5Aq4L3Kaba9QtCAImBp98Uob8z4uNi0UjUFdfDCkJ/b4Ygog7alFCCaSwoezHcMQ83mocOvEO3cQXrDdxay8= sn1p3@Sn1p3r\n",
                "username": "anujsubedi"
              }
            ],
            "admin_username": "anujsubedi",
            "automatic_instance_repair": [
              {
                "enabled": false,
                "grace_period": "PT30M"
              }
            ],
            "automatic_os_upgrade_policy": [],
            "boot_diagnostics": [],
            "computer_name_prefix": "enchanted-vmss",
            "custom_data": null,
            "data_disk": [],
            "disable_password_authentication": true,
            "do_not_run_extensions_on_overprovisioned_machines": false,
            "edge_zone": "",
            "encryption_at_host_enabled": false,
            "eviction_policy": "",
            "extension": [],
            "extensions_time_budget": "PT1H30M",
            "health_probe_id": "",
            "id": "/subscriptions/6ef6f362-ff2e-41f2-b817-a16d65dc8123/resourceGroups/AZ-900/providers/Microsoft.Compute/virtualMachineScaleSets/enchanted-vmss",
            "identity": [],
            "instances": 2,
            "location": "eastus",
            "max_bid_price": -1,
            "name": "enchanted-vmss",
            "network_interface": [
              {
                "dns_servers": null,
                "enable_accelerated_networking": false,
                "enable_ip_forwarding": false,
                "ip_configuration": [
                  {
                    "application_gateway_backend_address_pool_ids": null,
                    "application_security_group_ids": null,
                    "load_balancer_backend_address_pool_ids": null,
                    "load_balancer_inbound_nat_rules_ids": null,
                    "name": "internal",
                    "primary": true,
                    "public_ip_address": [],
                    "subnet_id": "/subscriptions/6ef6f362-ff2e-41f2-b817-a16d65dc8123/resourceGroups/AZ-900/providers/Microsoft.Network/virtualNetworks/enchanted-virtual-network/subnets/enchanted_subnet",
                    "version": "IPv4"
                  }
                ],
                "name": "enchanted-nic",
                "network_security_group_id": "",
                "primary": true
              }
            ],
            "os_disk": [
              {
                "caching": "ReadWrite",
                "diff_disk_settings": [],
                "disk_encryption_set_id": "",
                "disk_size_gb": 30,
                "storage_account_type": "Standard_LRS",
                "write_accelerator_enabled": false
              }
            ],
            "overprovision": true,
            "plan": [],
            "platform_fault_domain_count": 5,
            "priority": "Regular",
            "provision_vm_agent": true,
            "proximity_placement_group_id": "",
            "resource_group_name": "AZ-900",
            "rolling_upgrade_policy": [],
            "scale_in_policy": "Default",
            "secret": [],
            "secure_boot_enabled": false,
            "single_placement_group": true,
            "sku": "Standard_B1s",
            "source_image_id": "",
            "source_image_reference": [
              {
                "offer": "0001-com-ubuntu-server-jammy",
                "publisher": "Canonical",
                "sku": "22_04-lts",
                "version": "latest"
              }
            ],
            "tags": null,
            "terminate_notification": null,
            "timeouts": null,
            "unique_id": "a17ae47e-5f20-4c15-afb6-1bc258db8345",
            "upgrade_mode": "Manual",
            "user_data": "",
            "vtpm_enabled": false,
            "zone_balance": false,
            "zones": null
          },
          "sensitive_attributes": [
            [
              {
                "type": "get_attr",
                "value": "admin_password"
              }
            ],
            [
              {
                "type": "get_attr",
                "value": "custom_data"
              }
            ]
          ],
          "private": "eyJlMmJmYjczMC1lY2FhLTExZTYtOGY4OC0zNDM2M2JjN2M0YzAiOnsiY3JlYXRlIjozNjAwMDAwMDAwMDAwLCJkZWxldGUiOjM2MDAwMDAwMDAwMDAsInJlYWQiOjMwMDAwMDAwMDAwMCwidXBkYXRlIjozNjAwMDAwMDAwMDAwfX0=",
          "dependencies": [
            "azurerm_resource_group.rc_group",
            "azurerm_subnet.enchanted_subnet",
            "azurerm_virtual_network.anuj-enchanted-vn"
          ]
        }
      ]
    },
    {
      "mode": "managed",
      "type": "azurerm_network_interface",
      "name": "enchanted-nic",
      "provider": "provider[\"registry.terraform.io/hashicorp/azurerm\"]",
      "instances": [
        {
          "schema_version": 0,
          "attributes": {
            "applied_dns_servers": [],
            "dns_servers": [],
            "edge_zone": "",
            "enable_accelerated_networking": false,
            "enable_ip_forwarding": false,
            "id": "/subscriptions/6ef6f362-ff2e-41f2-b817-a16d65dc8123/resourceGroups/AZ-900/providers/Microsoft.Network/networkInterfaces/enchanted-nic",
            "internal_dns_name_label": "",
            "internal_domain_name_suffix": "de4mklgp2o4evo5dzemhbbkhtg.bx.internal.cloudapp.net",
            "ip_configuration": [
              {
                "gateway_load_balancer_frontend_ip_configuration_id": "",
                "name": "internal",
                "primary": true,
                "private_ip_address": "10.0.1.4",
                "private_ip_address_allocation": "Dynamic",
                "private_ip_address_version": "IPv4",
                "public_ip_address_id": "/subscriptions/6ef6f362-ff2e-41f2-b817-a16d65dc8123/resourceGroups/AZ-900/providers/Microsoft.Network/publicIPAddresses/enchanted-public-ip",
                "subnet_id": "/subscriptions/6ef6f362-ff2e-41f2-b817-a16d65dc8123/resourceGroups/AZ-900/providers/Microsoft.Network/virtualNetworks/enchanted-virtual-network/subnets/enchanted_subnet"
              }
            ],
            "location": "eastus",
            "mac_address": "",
            "name": "enchanted-nic",
            "private_ip_address": "10.0.1.4",
            "private_ip_addresses": [
              "10.0.1.4"
            ],
            "resource_group_name": "AZ-900",
            "tags": {
              "environment": "dev"
            },
            "timeouts": null,
            "virtual_machine_id": ""
          },
          "sensitive_attributes": [],
          "private": "eyJlMmJmYjczMC1lY2FhLTExZTYtOGY4OC0zNDM2M2JjN2M0YzAiOnsiY3JlYXRlIjoxODAwMDAwMDAwMDAwLCJkZWxldGUiOjE4MDAwMDAwMDAwMDAsInJlYWQiOjMwMDAwMDAwMDAwMCwidXBkYXRlIjoxODAwMDAwMDAwMDAwfX0=",
          "dependencies": [
            "azurerm_public_ip.enchanted_pi",
            "azurerm_resource_group.rc_group",
            "azurerm_subnet.enchanted_subnet",
            "azurerm_virtual_network.anuj-enchanted-vn",
            "random_string.fqdn"
          ]
        }
      ]
    },
    {
      "mode": "managed",
      "type": "azurerm_public_ip",
      "name": "enchanted_pi",
      "provider": "provider[\"registry.terraform.io/hashicorp/azurerm\"]",
      "instances": [
        {
          "schema_version": 0,
          "attributes": {
            "allocation_method": "Static",
            "domain_name_label": "snozbi-ssh",
            "edge_zone": "",
            "fqdn": "snozbi-ssh.eastus.cloudapp.azure.com",
            "id": "/subscriptions/6ef6f362-ff2e-41f2-b817-a16d65dc8123/resourceGroups/AZ-900/providers/Microsoft.Network/publicIPAddresses/enchanted-public-ip",
            "idle_timeout_in_minutes": 4,
            "ip_address": "40.114.50.84",
            "ip_tags": null,
            "ip_version": "IPv4",
            "location": "eastus",
            "name": "enchanted-public-ip",
            "public_ip_prefix_id": null,
            "resource_group_name": "AZ-900",
            "reverse_fqdn": "",
            "sku": "Basic",
            "sku_tier": "Regional",
            "tags": null,
            "timeouts": null,
            "zones": null
          },
          "sensitive_attributes": [],
          "private": "eyJlMmJmYjczMC1lY2FhLTExZTYtOGY4OC0zNDM2M2JjN2M0YzAiOnsiY3JlYXRlIjoxODAwMDAwMDAwMDAwLCJkZWxldGUiOjE4MDAwMDAwMDAwMDAsInJlYWQiOjMwMDAwMDAwMDAwMCwidXBkYXRlIjoxODAwMDAwMDAwMDAwfX0=",
          "dependencies": [
            "azurerm_resource_group.rc_group",
            "random_string.fqdn"
          ]
        }
      ]
    },
    {
      "mode": "managed",
      "type": "azurerm_public_ip",
      "name": "enchanted_pia",
      "provider": "provider[\"registry.terraform.io/hashicorp/azurerm\"]",
      "instances": [
        {
          "schema_version": 0,
          "attributes": {
            "allocation_method": "Static",
            "domain_name_label": "snozbi",
            "edge_zone": "",
            "fqdn": "snozbi.eastus.cloudapp.azure.com",
            "id": "/subscriptions/6ef6f362-ff2e-41f2-b817-a16d65dc8123/resourceGroups/AZ-900/providers/Microsoft.Network/publicIPAddresses/enchanted-pia",
            "idle_timeout_in_minutes": 30,
            "ip_address": "40.114.50.48",
            "ip_tags": null,
            "ip_version": "IPv4",
            "location": "eastus",
            "name": "enchanted-pia",
            "public_ip_prefix_id": null,
            "resource_group_name": "AZ-900",
            "reverse_fqdn": "",
            "sku": "Basic",
            "sku_tier": "Regional",
            "tags": {
              "environment": "dev"
            },
            "timeouts": null,
            "zones": null
          },
          "sensitive_attributes": [],
          "private": "eyJlMmJmYjczMC1lY2FhLTExZTYtOGY4OC0zNDM2M2JjN2M0YzAiOnsiY3JlYXRlIjoxODAwMDAwMDAwMDAwLCJkZWxldGUiOjE4MDAwMDAwMDAwMDAsInJlYWQiOjMwMDAwMDAwMDAwMCwidXBkYXRlIjoxODAwMDAwMDAwMDAwfX0=",
          "dependencies": [
            "azurerm_resource_group.rc_group",
            "random_string.fqdn"
          ]
        }
      ]
    },
    {
      "mode": "managed",
      "type": "azurerm_resource_group",
      "name": "rc_group",
      "provider": "provider[\"registry.terraform.io/hashicorp/azurerm\"]",
      "instances": [
        {
          "schema_version": 0,
          "attributes": {
            "id": "/subscriptions/6ef6f362-ff2e-41f2-b817-a16d65dc8123/resourceGroups/AZ-900",
            "location": "eastus",
            "name": "AZ-900",
            "tags": {
              "environment": "dev"
            },
            "timeouts": null
          },
          "sensitive_attributes": [],
          "private": "eyJlMmJmYjczMC1lY2FhLTExZTYtOGY4OC0zNDM2M2JjN2M0YzAiOnsiY3JlYXRlIjo1NDAwMDAwMDAwMDAwLCJkZWxldGUiOjU0MDAwMDAwMDAwMDAsInJlYWQiOjMwMDAwMDAwMDAwMCwidXBkYXRlIjo1NDAwMDAwMDAwMDAwfX0="
        }
      ]
    },
    {
      "mode": "managed",
      "type": "azurerm_subnet",
      "name": "enchanted_subnet",
      "provider": "provider[\"registry.terraform.io/hashicorp/azurerm\"]",
      "instances": [
        {
          "schema_version": 0,
          "attributes": {
            "address_prefixes": [
              "10.0.1.0/24"
            ],
            "delegation": [],
            "enforce_private_link_endpoint_network_policies": false,
            "enforce_private_link_service_network_policies": false,
            "id": "/subscriptions/6ef6f362-ff2e-41f2-b817-a16d65dc8123/resourceGroups/AZ-900/providers/Microsoft.Network/virtualNetworks/enchanted-virtual-network/subnets/enchanted_subnet",
            "name": "enchanted_subnet",
            "resource_group_name": "AZ-900",
            "service_endpoint_policy_ids": null,
            "service_endpoints": null,
            "timeouts": null,
            "virtual_network_name": "enchanted-virtual-network"
          },
          "sensitive_attributes": [],
          "private": "eyJlMmJmYjczMC1lY2FhLTExZTYtOGY4OC0zNDM2M2JjN2M0YzAiOnsiY3JlYXRlIjoxODAwMDAwMDAwMDAwLCJkZWxldGUiOjE4MDAwMDAwMDAwMDAsInJlYWQiOjMwMDAwMDAwMDAwMCwidXBkYXRlIjoxODAwMDAwMDAwMDAwfX0=",
          "dependencies": [
            "azurerm_resource_group.rc_group",
            "azurerm_virtual_network.anuj-enchanted-vn"
          ]
        }
      ]
    },
    {
      "mode": "managed",
      "type": "azurerm_virtual_network",
      "name": "anuj-enchanted-vn",
      "provider": "provider[\"registry.terraform.io/hashicorp/azurerm\"]",
      "instances": [
        {
          "schema_version": 0,
          "attributes": {
            "address_space": [
              "10.0.0.0/16"
            ],
            "bgp_community": "",
            "ddos_protection_plan": [],
            "dns_servers": [],
            "edge_zone": "",
            "flow_timeout_in_minutes": 0,
            "guid": "2cc53c19-e3cf-4abc-bbe3-c9187085479e",
            "id": "/subscriptions/6ef6f362-ff2e-41f2-b817-a16d65dc8123/resourceGroups/AZ-900/providers/Microsoft.Network/virtualNetworks/enchanted-virtual-network",
            "location": "eastus",
            "name": "enchanted-virtual-network",
            "resource_group_name": "AZ-900",
            "subnet": [],
            "tags": {
              "environment": "dev"
            },
            "timeouts": null
          },
          "sensitive_attributes": [],
          "private": "eyJlMmJmYjczMC1lY2FhLTExZTYtOGY4OC0zNDM2M2JjN2M0YzAiOnsiY3JlYXRlIjoxODAwMDAwMDAwMDAwLCJkZWxldGUiOjE4MDAwMDAwMDAwMDAsInJlYWQiOjMwMDAwMDAwMDAwMCwidXBkYXRlIjoxODAwMDAwMDAwMDAwfX0=",
          "dependencies": [
            "azurerm_resource_group.rc_group"
          ]
        }
      ]
    },
    {
      "mode": "managed",
      "type": "random_string",
      "name": "fqdn",
      "provider": "provider[\"registry.terraform.io/hashicorp/random\"]",
      "instances": [
        {
          "schema_version": 2,
          "attributes": {
            "id": "snozbi",
            "keepers": null,
            "length": 6,
            "lower": true,
            "min_lower": 0,
            "min_numeric": 0,
            "min_special": 0,
            "min_upper": 0,
            "number": false,
            "numeric": false,
            "override_special": null,
            "result": "snozbi",
            "special": false,
            "upper": false
          },
          "sensitive_attributes": []
        }
      ]
    }
  ],
  "check_results": null
}
